
Microsoft Visual Studio Solution File, Format Version 12.00
# Visual Studio Version 16
VisualStudioVersion = 16.0.29519.87
MinimumVisualStudioVersion = 10.0.40219.1
Project("{FAE04EC0-301F-11D3-BF4B-00C04F79EFBC}") = "MVCDemo", "MVCDemo\MVCDemo.csproj", "{49982CC2-31A0-4C6C-896E-236AF495133D}"
EndProject
Global
	GlobalSection(SolutionConfigurationPlatforms) = preSolution
		Debug|Any CPU = Debug|Any CPU
		Release|Any CPU = Release|Any CPU
	EndGlobalSection
	GlobalSection(ProjectConfigurationPlatforms) = postSolution
		{49982CC2-31A0-4C6C-896E-236AF495133D}.Debug|Any CPU.ActiveCfg = Debug|Any CPU
		{49982CC2-31A0-4C6C-896E-236AF495133D}.Debug|Any CPU.Build.0 = Debug|Any CPU
		{49982CC2-31A0-4C6C-896E-236AF495133D}.Release|Any CPU.ActiveCfg = Release|Any CPU
		{49982CC2-31A0-4C6C-896E-236AF495133D}.Release|Any CPU.Build.0 = Release|Any CPU
	EndGlobalSection
	GlobalSection(SolutionProperties) = preSolution
		HideSolutionNode = FALSE
	EndGlobalSection
	GlobalSection(ExtensibilityGlobals) = postSolution
		SolutionGuid = {D37BC02F-B533-43AA-AEC2-B546443448C9}
	EndGlobalSection
EndGlobal
